// !$*UTF8*$!
{
	archiveVersion = 1;
	classes = {
	};
	objectVersion = 46;
	objects = {

/* Begin PBXBuildFile section */
		AAF0E34A1EFD1F2700AB75C1 /* AppDelegate.swift in Sources */ = {isa = PBXBuildFile; fileRef = AAF0E3491EFD1F2700AB75C1 /* AppDelegate.swift */; };
		AAF0E34C1EFD1F2700AB75C1 /* ViewController.swift in Sources */ = {isa = PBXBuildFile; fileRef = AAF0E34B1EFD1F2700AB75C1 /* ViewController.swift */; };
		AAF0E34F1EFD1F2700AB75C1 /* Main.storyboard in Resources */ = {isa = PBXBuildFile; fileRef = AAF0E34D1EFD1F2700AB75C1 /* Main.storyboard */; };
		AAF0E3511EFD1F2700AB75C1 /* Assets.xcassets in Resources */ = {isa = PBXBuildFile; fileRef = AAF0E3501EFD1F2700AB75C1 /* Assets.xcassets */; };
		AAF0E3541EFD1F2700AB75C1 /* LaunchScreen.storyboard in Resources */ = {isa = PBXBuildFile; fileRef = AAF0E3521EFD1F2700AB75C1 /* LaunchScreen.storyboard */; };
/* End PBXBuildFile section */

/* Begin PBXFileReference section */
		AAF0E3461EFD1F2600AB75C1 /* AppModule.app */ = {isa = PBXFileReference; explicitFileType = wrapper.application; includeInIndex = 0; path = AppModule.app; sourceTree = BUILT_PRODUCTS_DIR; };
		AAF0E3491EFD1F2700AB75C1 /* AppDelegate.swift */ = {isa = PBXFileReference; lastKnownFileType = sourcecode.swift; path = AppDelegate.swift; sourceTree = "<group>"; };
		AAF0E34B1EFD1F2700AB75C1 /* ViewController.swift */ = {isa = PBXFileReference; lastKnownFileType = sourcecode.swift; path = ViewController.swift; sourceTree = "<group>"; };
		AAF0E34E1EFD1F2700AB75C1 /* Base */ = {isa = PBXFileReference; lastKnownFileType = file.storyboard; name = Base; path = Base.lproj/Main.storyboard; sourceTree = "<group>"; };
		AAF0E3501EFD1F2700AB75C1 /* Assets.xcassets */ = {isa = PBXFileReference; lastKnownFileType = folder.assetcatalog; path = Assets.xcassets; sourceTree = "<group>"; };
		AAF0E3531EFD1F2700AB75C1 /* Base */ = {isa = PBXFileReference; lastKnownFileType = file.storyboard; name = Base; path = Base.lproj/LaunchScreen.storyboard; sourceTree = "<group>"; };
		AAF0E3551EFD1F2700AB75C1 /* Info.plist */ = {isa = PBXFileReference; lastKnownFileType = text.plist.xml; path = Info.plist; sourceTree = "<group>"; };
/* End PBXFileReference section */

/* Begin PBXFrameworksBuildPhase section */
		AAF0E3431EFD1F2600AB75C1 /* Frameworks */ = {
			isa = PBXFrameworksBuildPhase;
			buildActionMask = 2147483647;
			files = (
			);
			runOnlyForDeploymentPostprocessing = 0;
		};
/* End PBXFrameworksBuildPhase section */

/* Begin PBXGroup section */
		AAF0E33D1EFD1F2600AB75C1 = {
			isa = PBXGroup;
			children = (
				AAF0E3481EFD1F2600AB75C1 /* AppModule */,
				AAF0E3471EFD1F2600AB75C1 /* Products */,
			);
			sourceTree = "<group>";
		};
		AAF0E3471EFD1F2600AB75C1 /* Products */ = {
			isa = PBXGroup;
			children = (
				AAF0E3461EFD1F2600AB75C1 /* AppModule.app */,
			);
			name = Products;
			sourceTree = "<group>";
		};
		AAF0E3481EFD1F2600AB75C1 /* AppModule */ = {
			isa = PBXGroup;
			children = (
				AAF0E3491EFD1F2700AB75C1 /* AppDelegate.swift */,
				AAF0E34B1EFD1F2700AB75C1 /* ViewController.swift */,
				AAF0E34D1EFD1F2700AB75C1 /* Main.storyboard */,
				AAF0E3501EFD1F2700AB75C1 /* Assets.xcassets */,
				AAF0E3521EFD1F2700AB75C1 /* LaunchScreen.storyboard */,
				AAF0E3551EFD1F2700AB75C1 /* Info.plist */,
			);
			path = AppModule;
			sourceTree = "<group>";
		};
/* End PBXGroup section */

/* Begin PBXNativeTarget section */
		AAF0E3451EFD1F2600AB75C1 /* AppModule */ = {
			isa = PBXNativeTarget;
			buildConfigurationList = AAF0E3581EFD1F2700AB75C1 /* Build configuration list for PBXNativeTarget "AppModule" */;
			buildPhases = (
				AAF0E3421EFD1F2600AB75C1 /* Sources */,
				AAF0E3431EFD1F2600AB75C1 /* Frameworks */,
				AAF0E3441EFD1F2600AB75C1 /* Resources */,
			);
			buildRules = (
			);
			dependencies = (
			);
			name = AppModule;
			productName = AppModule;
			productReference = AAF0E3461EFD1F2600AB75C1 /* AppModule.app */;
			productType = "com.apple.product-type.application";
		};
/* End PBXNativeTarget section */

/* Begin PBXProject section */
		AAF0E33E1EFD1F2600AB75C1 /* Project object */ = {
			isa = PBXProject;
			attributes = {
				LastSwiftUpdateCheck = 0830;
				LastUpgradeCheck = 0830;
				ORGANIZATIONNAME = Jack;
				TargetAttributes = {
					AAF0E3451EFD1F2600AB75C1 = {
						CreatedOnToolsVersion = 8.3.3;
						DevelopmentTeam = GTVM2F95ZD;
						ProvisioningStyle = Automatic;
					};
				};
			};
			buildConfigurationList = AAF0E3411EFD1F2600AB75C1 /* Build configuration list for PBXProject "AppModule" */;
			compatibilityVersion = "Xcode 3.2";
			developmentRegion = English;
			hasScannedForEncodings = 0;
			knownRegions = (
				en,
				Base,
			);
			mainGroup = AAF0E33D1EFD1F2600AB75C1;
			productRefGroup = AAF0E3471EFD1F2600AB75C1 /* Products */;
			projectDirPath = "";
			projectRoot = "";
			targets = (
				AAF0E3451EFD1F2600AB75C1 /* AppModule */,
			);
		};
/* End PBXProject section */

/* Begin PBXResourcesBuildPhase section */
		AAF0E3441EFD1F2600AB75C1 /* Resources */ = {
			isa = PBXResourcesBuildPhase;
			buildActionMask = 2147483647;
			files = (
				AAF0E3541EFD1F2700AB75C1 /* LaunchScreen.storyboard in Resources */,
				AAF0E3511EFD1F2700AB75C1 /* Assets.xcassets in Resources */,
				AAF0E34F1EFD1F2700AB75C1 /* Main.storyboard in Resources */,
			);
			runOnlyForDeploymentPostprocessing = 0;
		};
/* End PBXResourcesBuildPhase section */

/* Begin PBXSourcesBuildPhase section */
		AAF0E3421EFD1F2600AB75C1 /* Sources */ = {
			isa = PBXSourcesBuildPhase;
			buildActionMask = 2147483647;
			files = (
				AAF0E34C1EFD1F2700AB75C1 /* ViewController.swift in Sources */,
				AAF0E34A1EFD1F2700AB75C1 /* AppDelegate.swift in Sources */,
			);
			runOnlyForDeploymentPostprocessing = 0;
		};
/* End PBXSourcesBuildPhase section */

/* Begin PBXVariantGroup section */
		AAF0E34D1EFD1F2700AB75C1 /* Main.storyboard */ = {
			isa = PBXVariantGroup;
			children = (
				AAF0E34E1EFD1F2700AB75C1 /* Base */,
			);
			name = Main.storyboard;
			sourceTree = "<group>";
		};
		AAF0E3521EFD1F2700AB75C1 /* LaunchScreen.storyboard */ = {
			isa = PBXVariantGroup;
			children = (
				AAF0E3531EFD1F2700AB75C1 /* Base */,
			);
			name = LaunchScreen.storyboard;
			sourceTree = "<group>";
		};
/* End PBXVariantGroup section */

/* Begin XCBuildConfiguration section */
		AAF0E3561EFD1F2700AB75C1 /* Debug */ = {
			isa = XCBuildConfiguration;
			buildSettings = {
				ALWAYS_SEARCH_USER_PATHS = NO;
				CLANG_ANALYZER_NONNULL = YES;
				CLANG_ANALYZER_NUMBER_OBJECT_CONVERSION = YES_AGGRESSIVE;
				CLANG_CXX_LANGUAGE_STANDARD = "gnu++0x";
				CLANG_CXX_LIBRARY = "libc++";
				CLANG_ENABLE_MODULES = YES;
				CLANG_ENABLE_OBJC_ARC = YES;
				CLANG_WARN_BOOL_CONVERSION = YES;
				CLANG_WARN_CONSTANT_CONVERSION = YES;
				CLANG_WARN_DIRECT_OBJC_ISA_USAGE = YES_ERROR;
				CLANG_WARN_DOCUMENTATION_COMMENTS = YES;
				CLANG_WARN_EMPTY_BODY = YES;
				CLANG_WARN_ENUM_CONVERSION = YES;
				CLANG_WARN_INFINITE_RECURSION = YES;
				CLANG_WARN_INT_CONVERSION = YES;
				CLANG_WARN_OBJC_ROOT_CLASS = YES_ERROR;
				CLANG_WARN_SUSPICIOUS_MOVE = YES;
				CLANG_WARN_UNREACHABLE_CODE = YES;
				CLANG_WARN__DUPLICATE_METHOD_MATCH = YES;
				"CODE_SIGN_IDENTITY[sdk=iphoneos*]" = "iPhone Developer";
				COPY_PHASE_STRIP = NO;
				DEBUG_INFORMATION_FORMAT = dwarf;
				ENABLE_STRICT_OBJC_MSGSEND = YES;
				ENABLE_TESTABILITY = YES;
				GCC_C_LANGUAGE_STANDARD = gnu99;
				GCC_DYNAMIC_NO_PIC = NO;
				GCC_NO_COMMON_BLOCKS = YES;
				GCC_OPTIMIZATION_LEVEL = 0;
				GCC_PREPROCESSOR_DEFINITIONS = (
					"DEBUG=1",
					"$(inherited)",
				);
				GCC_WARN_64_TO_32_BIT_CONVERSION = YES;
				GCC_WARN_ABOUT_RETURN_TYPE = YES_ERROR;
				GCC_WARN_UNDECLARED_SELECTOR = YES;
				GCC_WARN_UNINITIALIZED_AUTOS = YES_AGGRESSIVE;
				GCC_WARN_UNUSED_FUNCTION = YES;
				GCC_WARN_UNUSED_VARIABLE = YES;
				IPHONEOS_DEPLOYMENT_TARGET = 10.3;
				MTL_ENABLE_DEBUG_INFO = YES;
				ONLY_ACTIVE_ARCH = YES;
				SDKROOT = iphoneos;
				SWIFT_ACTIVE_COMPILATION_CONDITIONS = DEBUG;
				SWIFT_OPTIMIZATION_LEVEL = "-Onone";
				TARGETED_DEVICE_FAMILY = "1,2";
			};
			name = Debug;
		};
		AAF0E3571EFD1F2700AB75C1 /* Release */ = {
			isa = XCBuildConfiguration;
			buildSettings = {
				ALWAYS_SEARCH_USER_PATHS = NO;
				CLANG_ANALYZER_NONNULL = YES;
				CLANG_ANALYZER_NUMBER_OBJECT_CONVERSION = YES_AGGRESSIVE;
				CLANG_CXX_LANGUAGE_STANDARD = "gnu++0x";
				CLANG_CXX_LIBRARY = "libc++";
				CLANG_ENABLE_MODULES = YES;
				CLANG_ENABLE_OBJC_ARC = YES;
				CLANG_WARN_BOOL_CONVERSION = YES;
				CLANG_WARN_CONSTANT_CONVERSION = YES;
				CLANG_WARN_DIRECT_OBJC_ISA_USAGE = YES_ERROR;
				CLANG_WARN_DOCUMENTATION_COMMENTS = YES;
				CLANG_WARN_EMPTY_BODY = YES;
				CLANG_WARN_ENUM_CONVERSION = YES;
				CLANG_WARN_INFINITE_RECURSION = YES;
				CLANG_WARN_INT_CONVERSION = YES;
				CLANG_WARN_OBJC_ROOT_CLASS = YES_ERROR;
				CLANG_WARN_SUSPICIOUS_MOVE = YES;
				CLANG_WARN_UNREACHABLE_CODE = YES;
				CLANG_WARN__DUPLICATE_METHOD_MATCH = YES;
				"CODE_SIGN_IDENTITY[sdk=iphoneos*]" = "iPhone Developer";
				COPY_PHASE_STRIP = NO;
				DEBUG_INFORMATION_FORMAT = "dwarf-with-dsym";
				ENABLE_NS_ASSERTIONS = NO;
				ENABLE_STRICT_OBJC_MSGSEND = YES;
				GCC_C_LANGUAGE_STANDARD = gnu99;
				GCC_NO_COMMON_BLOCKS = YES;
				GCC_WARN_64_TO_32_BIT_CONVERSION = YES;
				GCC_WARN_ABOUT_RETURN_TYPE = YES_ERROR;
				GCC_WARN_UNDECLARED_SELECTOR = YES;
				GCC_WARN_UNINITIALIZED_AUTOS = YES_AGGRESSIVE;
				GCC_WARN_UNUSED_FUNCTION = YES;
				GCC_WARN_UNUSED_VARIABLE = YES;
				IPHONEOS_DEPLOYMENT_TARGET = 10.3;
				MTL_ENABLE_DEBUG_INFO = NO;
				SDKROOT = iphoneos;
				SWIFT_OPTIMIZATION_LEVEL = "-Owholemodule";
				TARGETED_DEVICE_FAMILY = "1,2";
				VALIDATE_PRODUCT = YES;
			};
			name = Release;
		};
		AAF0E3591EFD1F2700AB75C1 /* Debug */ = {
			isa = XCBuildConfiguration;
			buildSettings = {
				ASSETCATALOG_COMPILER_APPICON_NAME = AppIcon;
				DEVELOPMENT_TEAM = GTVM2F95ZD;
				INFOPLIST_FILE = AppModule/Info.plist;
				LD_RUNPATH_SEARCH_PATHS = "$(inherited) @executable_path/Frameworks";
				PRODUCT_BUNDLE_IDENTIFIER = com.ele.AppModule;
				PRODUCT_NAME = "$(TARGET_NAME)";
				SWIFT_VERSION = 3.0;
			};
			name = Debug;
		};
		AAF0E35A1EFD1F2700AB75C1 /* Release */ = {
			isa = XCBuildConfiguration;
			buildSettings = {
				ASSETCATALOG_COMPILER_APPICON_NAME = AppIcon;
				DEVELOPMENT_TEAM = GTVM2F95ZD;
				INFOPLIST_FILE = AppModule/Info.plist;
				LD_RUNPATH_SEARCH_PATHS = "$(inherited) @executable_path/Frameworks";
				PRODUCT_BUNDLE_IDENTIFIER = com.ele.AppModule;
				PRODUCT_NAME = "$(TARGET_NAME)";
				SWIFT_VERSION = 3.0;
			};
			name = Release;
		};
/* End XCBuildConfiguration section */

/* Begin XCConfigurationList section */
		AAF0E3411EFD1F2600AB75C1 /* Build configuration list for PBXProject "AppModule" */ = {
			isa = XCConfigurationList;
			buildConfigurations = (
				AAF0E3561EFD1F2700AB75C1 /* Debug */,
				AAF0E3571EFD1F2700AB75C1 /* Release */,
			);
			defaultConfigurationIsVisible = 0;
			defaultConfigurationName = Release;
		};
		AAF0E3581EFD1F2700AB75C1 /* Build configuration list for PBXNativeTarget "AppModule" */ = {
			isa = XCConfigurationList;
			buildConfigurations = (
				AAF0E3591EFD1F2700AB75C1 /* Debug */,
				AAF0E35A1EFD1F2700AB75C1 /* Release */,
			);
			defaultConfigurationIsVisible = 0;
		};
/* End XCConfigurationList section */
	};
	rootObject = AAF0E33E1EFD1F2600AB75C1 /* Project object */;
}
